
Microsoft Visual Studio Solution File, Format Version 12.00
# Visual Studio Version 17
VisualStudioVersion = 17.7.34031.279
MinimumVisualStudioVersion = 10.0.40219.1
Project("{F184B08F-C81C-45F6-A57F-5ABD9991F28F}") = "gitejercicio", "gitejercicio.vbproj", "{232D5B1E-3D39-4391-9F3E-A6CD97072745}"
EndProject
Global
	GlobalSection(SolutionConfigurationPlatforms) = preSolution
		Debug|Any CPU = Debug|Any CPU
		Release|Any CPU = Release|Any CPU
	EndGlobalSection
	GlobalSection(ProjectConfigurationPlatforms) = postSolution
		{232D5B1E-3D39-4391-9F3E-A6CD97072745}.Debug|Any CPU.ActiveCfg = Debug|Any CPU
		{232D5B1E-3D39-4391-9F3E-A6CD97072745}.Debug|Any CPU.Build.0 = Debug|Any CPU
		{232D5B1E-3D39-4391-9F3E-A6CD97072745}.Release|Any CPU.ActiveCfg = Release|Any CPU
		{232D5B1E-3D39-4391-9F3E-A6CD97072745}.Release|Any CPU.Build.0 = Release|Any CPU
	EndGlobalSection
	GlobalSection(SolutionProperties) = preSolution
		HideSolutionNode = FALSE
	EndGlobalSection
	GlobalSection(ExtensibilityGlobals) = postSolution
		SolutionGuid = {670A43AF-8C7C-48D6-A354-4493D0197974}
	EndGlobalSection
EndGlobal
